
Microsoft Visual Studio Solution File, Format Version 12.00
# Visual Studio Version 17
VisualStudioVersion = 17.8.34330.188
MinimumVisualStudioVersion = 10.0.40219.1
Project("{9A19103F-16F7-4668-BE54-9A1E7A4F7556}") = "telegrammsg", "telegrammsg.csproj", "{EEB6C775-7165-467A-8D28-CECE0ADF0ADE}"
EndProject
Global
	GlobalSection(SolutionConfigurationPlatforms) = preSolution
		Debug|Any CPU = Debug|Any CPU
		Release|Any CPU = Release|Any CPU
	EndGlobalSection
	GlobalSection(ProjectConfigurationPlatforms) = postSolution
		{EEB6C775-7165-467A-8D28-CECE0ADF0ADE}.Debug|Any CPU.ActiveCfg = Debug|Any CPU
		{EEB6C775-7165-467A-8D28-CECE0ADF0ADE}.Debug|Any CPU.Build.0 = Debug|Any CPU
		{EEB6C775-7165-467A-8D28-CECE0ADF0ADE}.Release|Any CPU.ActiveCfg = Release|Any CPU
		{EEB6C775-7165-467A-8D28-CECE0ADF0ADE}.Release|Any CPU.Build.0 = Release|Any CPU
	EndGlobalSection
	GlobalSection(SolutionProperties) = preSolution
		HideSolutionNode = FALSE
	EndGlobalSection
	GlobalSection(ExtensibilityGlobals) = postSolution
		SolutionGuid = {641B18AD-4589-46A2-9F26-4DD3BB2ADE65}
	EndGlobalSection
EndGlobal
